
Microsoft Visual Studio Solution File, Format Version 12.00
# Visual Studio Version 16
VisualStudioVersion = 16.0.30011.22
MinimumVisualStudioVersion = 10.0.40219.1
Project("{FAE04EC0-301F-11D3-BF4B-00C04F79EFBC}") = "ch04EntityFrameworkAppBeltman", "ch04EntityFrameworkAppBeltman.csproj", "{18E9FA98-6B9C-41FF-BCB7-7B84C1C0A71E}"
EndProject
Global
	GlobalSection(SolutionConfigurationPlatforms) = preSolution
		Debug|Any CPU = Debug|Any CPU
		Release|Any CPU = Release|Any CPU
	EndGlobalSection
	GlobalSection(ProjectConfigurationPlatforms) = postSolution
		{18E9FA98-6B9C-41FF-BCB7-7B84C1C0A71E}.Debug|Any CPU.ActiveCfg = Debug|Any CPU
		{18E9FA98-6B9C-41FF-BCB7-7B84C1C0A71E}.Debug|Any CPU.Build.0 = Debug|Any CPU
		{18E9FA98-6B9C-41FF-BCB7-7B84C1C0A71E}.Release|Any CPU.ActiveCfg = Release|Any CPU
		{18E9FA98-6B9C-41FF-BCB7-7B84C1C0A71E}.Release|Any CPU.Build.0 = Release|Any CPU
	EndGlobalSection
	GlobalSection(SolutionProperties) = preSolution
		HideSolutionNode = FALSE
	EndGlobalSection
	GlobalSection(ExtensibilityGlobals) = postSolution
		SolutionGuid = {41FCC10F-782F-42D3-9B09-E7FCFF5AABC7}
	EndGlobalSection
EndGlobal
