
Microsoft Visual Studio Solution File, Format Version 12.00
# Visual Studio Version 16
VisualStudioVersion = 16.0.30503.244
MinimumVisualStudioVersion = 10.0.40219.1
Project("{9A19103F-16F7-4668-BE54-9A1E7A4F7556}") = "AssignmentsApp", "AssignmentsApp\AssignmentsApp.csproj", "{DAE4338B-5671-4F52-B531-900573EFB4D4}"
EndProject
Global
	GlobalSection(SolutionConfigurationPlatforms) = preSolution
		Debug|Any CPU = Debug|Any CPU
		Release|Any CPU = Release|Any CPU
	EndGlobalSection
	GlobalSection(ProjectConfigurationPlatforms) = postSolution
		{DAE4338B-5671-4F52-B531-900573EFB4D4}.Debug|Any CPU.ActiveCfg = Debug|Any CPU
		{DAE4338B-5671-4F52-B531-900573EFB4D4}.Debug|Any CPU.Build.0 = Debug|Any CPU
		{DAE4338B-5671-4F52-B531-900573EFB4D4}.Release|Any CPU.ActiveCfg = Release|Any CPU
		{DAE4338B-5671-4F52-B531-900573EFB4D4}.Release|Any CPU.Build.0 = Release|Any CPU
	EndGlobalSection
	GlobalSection(SolutionProperties) = preSolution
		HideSolutionNode = FALSE
	EndGlobalSection
	GlobalSection(ExtensibilityGlobals) = postSolution
		SolutionGuid = {ECA0DF5F-606F-4984-9645-7AE0A81EE6BD}
	EndGlobalSection
EndGlobal
