
Microsoft Visual Studio Solution File, Format Version 12.00
# Visual Studio Version 16
VisualStudioVersion = 16.0.30413.136
MinimumVisualStudioVersion = 10.0.40219.1
Project("{FAE04EC0-301F-11D3-BF4B-00C04F79EFBC}") = "MultiPageAppBeltman", "MultiPageAppBeltman\MultiPageAppBeltman.csproj", "{636AA07F-CD57-4510-A32C-BDD1D3B0B6C3}"
EndProject
Global
	GlobalSection(SolutionConfigurationPlatforms) = preSolution
		Debug|Any CPU = Debug|Any CPU
		Release|Any CPU = Release|Any CPU
	EndGlobalSection
	GlobalSection(ProjectConfigurationPlatforms) = postSolution
		{636AA07F-CD57-4510-A32C-BDD1D3B0B6C3}.Debug|Any CPU.ActiveCfg = Debug|Any CPU
		{636AA07F-CD57-4510-A32C-BDD1D3B0B6C3}.Debug|Any CPU.Build.0 = Debug|Any CPU
		{636AA07F-CD57-4510-A32C-BDD1D3B0B6C3}.Release|Any CPU.ActiveCfg = Release|Any CPU
		{636AA07F-CD57-4510-A32C-BDD1D3B0B6C3}.Release|Any CPU.Build.0 = Release|Any CPU
	EndGlobalSection
	GlobalSection(SolutionProperties) = preSolution
		HideSolutionNode = FALSE
	EndGlobalSection
	GlobalSection(ExtensibilityGlobals) = postSolution
		SolutionGuid = {EE2045AA-C874-414D-A9CD-13F3E3583D2A}
	EndGlobalSection
EndGlobal
